---
lockVersion: 1.0.0
dependencies:
  codeql/dataflow:
    version: 0.1.8
  codeql/java-all:
    version: 0.8.8
  codeql/mad:
    version: 0.2.8
  codeql/rangeanalysis:
    version: 0.0.7
  codeql/regex:
    version: 0.2.8
  codeql/ssa:
    version: 0.2.8
  codeql/threat-models:
    version: 0.0.7
  codeql/tutorial:
    version: 0.2.8
  codeql/typetracking:
    version: 0.2.8
  codeql/util:
    version: 0.2.8
compiled: false
